
Microsoft Visual Studio Solution File, Format Version 12.00
# Visual Studio 14
VisualStudioVersion = 14.0.23107.0
MinimumVisualStudioVersion = 10.0.40219.1
Project("{FAE04EC0-301F-11D3-BF4B-00C04F79EFBC}") = "PayRoll", "PayRoll\PayRoll.csproj", "{FB2B9121-FF81-4397-8FB1-84E1AB5C4CF4}"
EndProject
Project("{FAE04EC0-301F-11D3-BF4B-00C04F79EFBC}") = "PayRoll.Core", "PayRoll.Core\PayRoll.Core.csproj", "{0FB1A350-0879-44BF-AF51-3507AD923B65}"
EndProject
Project("{FAE04EC0-301F-11D3-BF4B-00C04F79EFBC}") = "Security", "PayRoll\Areas\Security\Security.csproj", "{30503C8C-1EF9-4FE4-85E1-ED4B56E79F24}"
EndProject
Project("{FAE04EC0-301F-11D3-BF4B-00C04F79EFBC}") = "PayRoll.License", "PayRoll.License\PayRoll.License.csproj", "{14A20D61-C4EB-40E3-B554-C6140A71F09E}"
EndProject
Global
	GlobalSection(SolutionConfigurationPlatforms) = preSolution
		Debug|Any CPU = Debug|Any CPU
		Release|Any CPU = Release|Any CPU
	EndGlobalSection
	GlobalSection(ProjectConfigurationPlatforms) = postSolution
		{FB2B9121-FF81-4397-8FB1-84E1AB5C4CF4}.Debug|Any CPU.ActiveCfg = Debug|Any CPU
		{FB2B9121-FF81-4397-8FB1-84E1AB5C4CF4}.Debug|Any CPU.Build.0 = Debug|Any CPU
		{FB2B9121-FF81-4397-8FB1-84E1AB5C4CF4}.Release|Any CPU.ActiveCfg = Release|Any CPU
		{FB2B9121-FF81-4397-8FB1-84E1AB5C4CF4}.Release|Any CPU.Build.0 = Release|Any CPU
		{0FB1A350-0879-44BF-AF51-3507AD923B65}.Debug|Any CPU.ActiveCfg = Debug|Any CPU
		{0FB1A350-0879-44BF-AF51-3507AD923B65}.Debug|Any CPU.Build.0 = Debug|Any CPU
		{0FB1A350-0879-44BF-AF51-3507AD923B65}.Release|Any CPU.ActiveCfg = Release|Any CPU
		{0FB1A350-0879-44BF-AF51-3507AD923B65}.Release|Any CPU.Build.0 = Release|Any CPU
		{30503C8C-1EF9-4FE4-85E1-ED4B56E79F24}.Debug|Any CPU.ActiveCfg = Debug|Any CPU
		{30503C8C-1EF9-4FE4-85E1-ED4B56E79F24}.Debug|Any CPU.Build.0 = Debug|Any CPU
		{30503C8C-1EF9-4FE4-85E1-ED4B56E79F24}.Release|Any CPU.ActiveCfg = Release|Any CPU
		{30503C8C-1EF9-4FE4-85E1-ED4B56E79F24}.Release|Any CPU.Build.0 = Release|Any CPU
		{14A20D61-C4EB-40E3-B554-C6140A71F09E}.Debug|Any CPU.ActiveCfg = Debug|Any CPU
		{14A20D61-C4EB-40E3-B554-C6140A71F09E}.Debug|Any CPU.Build.0 = Debug|Any CPU
		{14A20D61-C4EB-40E3-B554-C6140A71F09E}.Release|Any CPU.ActiveCfg = Release|Any CPU
		{14A20D61-C4EB-40E3-B554-C6140A71F09E}.Release|Any CPU.Build.0 = Release|Any CPU
	EndGlobalSection
	GlobalSection(SolutionProperties) = preSolution
		HideSolutionNode = FALSE
	EndGlobalSection
EndGlobal
